
Microsoft Visual Studio Solution File, Format Version 12.00
# Visual Studio Version 16
VisualStudioVersion = 16.0.31112.23
MinimumVisualStudioVersion = 10.0.40219.1
Project("{9A19103F-16F7-4668-BE54-9A1E7A4F7556}") = "Shop.Web", "Shop.Web\Shop.Web.csproj", "{80B97AE4-D012-4F52-A424-B1243C365641}"
EndProject
Project("{9A19103F-16F7-4668-BE54-9A1E7A4F7556}") = "Shop.Domain", "Shop.Domain\Shop.Domain.csproj", "{57E49ED4-C4F3-400F-BF75-2F09A84982CC}"
EndProject
Project("{9A19103F-16F7-4668-BE54-9A1E7A4F7556}") = "Shop.UseCases", "Shop.UseCases\Shop.UseCases.csproj", "{883BCB28-40BC-41D2-9ADE-D8F79A2F2CB6}"
EndProject
Project("{FAE04EC0-301F-11D3-BF4B-00C04F79EFBC}") = "Shop.Repository", "Shop.Repository\Shop.Repository.csproj", "{39EF95C2-0331-4D79-B81F-FEE77043D93E}"
EndProject
Global
	GlobalSection(SolutionConfigurationPlatforms) = preSolution
		Debug|Any CPU = Debug|Any CPU
		Release|Any CPU = Release|Any CPU
	EndGlobalSection
	GlobalSection(ProjectConfigurationPlatforms) = postSolution
		{80B97AE4-D012-4F52-A424-B1243C365641}.Debug|Any CPU.ActiveCfg = Debug|Any CPU
		{80B97AE4-D012-4F52-A424-B1243C365641}.Debug|Any CPU.Build.0 = Debug|Any CPU
		{80B97AE4-D012-4F52-A424-B1243C365641}.Release|Any CPU.ActiveCfg = Release|Any CPU
		{80B97AE4-D012-4F52-A424-B1243C365641}.Release|Any CPU.Build.0 = Release|Any CPU
		{57E49ED4-C4F3-400F-BF75-2F09A84982CC}.Debug|Any CPU.ActiveCfg = Debug|Any CPU
		{57E49ED4-C4F3-400F-BF75-2F09A84982CC}.Debug|Any CPU.Build.0 = Debug|Any CPU
		{57E49ED4-C4F3-400F-BF75-2F09A84982CC}.Release|Any CPU.ActiveCfg = Release|Any CPU
		{57E49ED4-C4F3-400F-BF75-2F09A84982CC}.Release|Any CPU.Build.0 = Release|Any CPU
		{883BCB28-40BC-41D2-9ADE-D8F79A2F2CB6}.Debug|Any CPU.ActiveCfg = Debug|Any CPU
		{883BCB28-40BC-41D2-9ADE-D8F79A2F2CB6}.Debug|Any CPU.Build.0 = Debug|Any CPU
		{883BCB28-40BC-41D2-9ADE-D8F79A2F2CB6}.Release|Any CPU.ActiveCfg = Release|Any CPU
		{883BCB28-40BC-41D2-9ADE-D8F79A2F2CB6}.Release|Any CPU.Build.0 = Release|Any CPU
		{39EF95C2-0331-4D79-B81F-FEE77043D93E}.Debug|Any CPU.ActiveCfg = Debug|Any CPU
		{39EF95C2-0331-4D79-B81F-FEE77043D93E}.Debug|Any CPU.Build.0 = Debug|Any CPU
		{39EF95C2-0331-4D79-B81F-FEE77043D93E}.Release|Any CPU.ActiveCfg = Release|Any CPU
		{39EF95C2-0331-4D79-B81F-FEE77043D93E}.Release|Any CPU.Build.0 = Release|Any CPU
	EndGlobalSection
	GlobalSection(SolutionProperties) = preSolution
		HideSolutionNode = FALSE
	EndGlobalSection
	GlobalSection(ExtensibilityGlobals) = postSolution
		SolutionGuid = {4F637210-1BA9-48C6-9B2D-97FE3ED62818}
	EndGlobalSection
EndGlobal
